
Microsoft Visual Studio Solution File, Format Version 12.00
# Visual Studio Version 17
VisualStudioVersion = 17.7.34221.43
MinimumVisualStudioVersion = 10.0.40219.1
Project("{FAE04EC0-301F-11D3-BF4B-00C04F79EFBC}") = "HomeWork31.10.1", "HomeWork31.10.1\HomeWork31.10.1.csproj", "{13FA9006-54CD-4BD0-9AD5-065969E4D7EC}"
EndProject
Global
	GlobalSection(SolutionConfigurationPlatforms) = preSolution
		Debug|Any CPU = Debug|Any CPU
		Release|Any CPU = Release|Any CPU
	EndGlobalSection
	GlobalSection(ProjectConfigurationPlatforms) = postSolution
		{13FA9006-54CD-4BD0-9AD5-065969E4D7EC}.Debug|Any CPU.ActiveCfg = Debug|Any CPU
		{13FA9006-54CD-4BD0-9AD5-065969E4D7EC}.Debug|Any CPU.Build.0 = Debug|Any CPU
		{13FA9006-54CD-4BD0-9AD5-065969E4D7EC}.Release|Any CPU.ActiveCfg = Release|Any CPU
		{13FA9006-54CD-4BD0-9AD5-065969E4D7EC}.Release|Any CPU.Build.0 = Release|Any CPU
	EndGlobalSection
	GlobalSection(SolutionProperties) = preSolution
		HideSolutionNode = FALSE
	EndGlobalSection
	GlobalSection(ExtensibilityGlobals) = postSolution
		SolutionGuid = {D872C36C-DD22-4507-BC57-661398F20BF9}
	EndGlobalSection
EndGlobal
